
Microsoft Visual Studio Solution File, Format Version 12.00
# Visual Studio Version 17
VisualStudioVersion = 17.14.36429.23 d17.14
MinimumVisualStudioVersion = 10.0.40219.1
Project("{FAE04EC0-301F-11D3-BF4B-00C04F79EFBC}") = "LR5oop", "LR5oop\LR5oop.csproj", "{BCA936A8-8BA7-4C06-998E-D5E9ED14E4BC}"
EndProject
Global
	GlobalSection(SolutionConfigurationPlatforms) = preSolution
		Debug|Any CPU = Debug|Any CPU
		Release|Any CPU = Release|Any CPU
	EndGlobalSection
	GlobalSection(ProjectConfigurationPlatforms) = postSolution
		{BCA936A8-8BA7-4C06-998E-D5E9ED14E4BC}.Debug|Any CPU.ActiveCfg = Debug|Any CPU
		{BCA936A8-8BA7-4C06-998E-D5E9ED14E4BC}.Debug|Any CPU.Build.0 = Debug|Any CPU
		{BCA936A8-8BA7-4C06-998E-D5E9ED14E4BC}.Release|Any CPU.ActiveCfg = Release|Any CPU
		{BCA936A8-8BA7-4C06-998E-D5E9ED14E4BC}.Release|Any CPU.Build.0 = Release|Any CPU
	EndGlobalSection
	GlobalSection(SolutionProperties) = preSolution
		HideSolutionNode = FALSE
	EndGlobalSection
	GlobalSection(ExtensibilityGlobals) = postSolution
		SolutionGuid = {117D14DA-6FE3-4C3E-B026-E068A9E08B27}
	EndGlobalSection
EndGlobal
